// !$*UTF8*$!
{
	archiveVersion = 1;
	classes = {
	};
	objectVersion = 56;
	objects = {

/* Begin PBXBuildFile section */
		82D81B5D29B291CD0057E511 /* TCAOverrideDependencySingleMethodApp.swift in Sources */ = {isa = PBXBuildFile; fileRef = 82D81B5C29B291CD0057E511 /* TCAOverrideDependencySingleMethodApp.swift */; };
		82D81B5F29B291CD0057E511 /* ContentView.swift in Sources */ = {isa = PBXBuildFile; fileRef = 82D81B5E29B291CD0057E511 /* ContentView.swift */; };
		82D81B6129B291CF0057E511 /* Assets.xcassets in Resources */ = {isa = PBXBuildFile; fileRef = 82D81B6029B291CF0057E511 /* Assets.xcassets */; };
		82D81B6429B291CF0057E511 /* Preview Assets.xcassets in Resources */ = {isa = PBXBuildFile; fileRef = 82D81B6329B291CF0057E511 /* Preview Assets.xcassets */; };
		82D81B6E29B291CF0057E511 /* TCAOverrideDependencySingleMethodTests.swift in Sources */ = {isa = PBXBuildFile; fileRef = 82D81B6D29B291CF0057E511 /* TCAOverrideDependencySingleMethodTests.swift */; };
		82D81B7829B291CF0057E511 /* TCAOverrideDependencySingleMethodUITests.swift in Sources */ = {isa = PBXBuildFile; fileRef = 82D81B7729B291CF0057E511 /* TCAOverrideDependencySingleMethodUITests.swift */; };
		82D81B7A29B291CF0057E511 /* TCAOverrideDependencySingleMethodUITestsLaunchTests.swift in Sources */ = {isa = PBXBuildFile; fileRef = 82D81B7929B291CF0057E511 /* TCAOverrideDependencySingleMethodUITestsLaunchTests.swift */; };
/* End PBXBuildFile section */

/* Begin PBXContainerItemProxy section */
		82D81B6A29B291CF0057E511 /* PBXContainerItemProxy */ = {
			isa = PBXContainerItemProxy;
			containerPortal = 82D81B5129B291CD0057E511 /* Project object */;
			proxyType = 1;
			remoteGlobalIDString = 82D81B5829B291CD0057E511;
			remoteInfo = TCAOverrideDependencySingleMethod;
		};
		82D81B7429B291CF0057E511 /* PBXContainerItemProxy */ = {
			isa = PBXContainerItemProxy;
			containerPortal = 82D81B5129B291CD0057E511 /* Project object */;
			proxyType = 1;
			remoteGlobalIDString = 82D81B5829B291CD0057E511;
			remoteInfo = TCAOverrideDependencySingleMethod;
		};
/* End PBXContainerItemProxy section */

/* Begin PBXFileReference section */
		82D81B5929B291CD0057E511 /* TCAOverrideDependencySingleMethod.app */ = {isa = PBXFileReference; explicitFileType = wrapper.application; includeInIndex = 0; path = TCAOverrideDependencySingleMethod.app; sourceTree = BUILT_PRODUCTS_DIR; };
		82D81B5C29B291CD0057E511 /* TCAOverrideDependencySingleMethodApp.swift */ = {isa = PBXFileReference; lastKnownFileType = sourcecode.swift; path = TCAOverrideDependencySingleMethodApp.swift; sourceTree = "<group>"; };
		82D81B5E29B291CD0057E511 /* ContentView.swift */ = {isa = PBXFileReference; lastKnownFileType = sourcecode.swift; path = ContentView.swift; sourceTree = "<group>"; };
		82D81B6029B291CF0057E511 /* Assets.xcassets */ = {isa = PBXFileReference; lastKnownFileType = folder.assetcatalog; path = Assets.xcassets; sourceTree = "<group>"; };
		82D81B6329B291CF0057E511 /* Preview Assets.xcassets */ = {isa = PBXFileReference; lastKnownFileType = folder.assetcatalog; path = "Preview Assets.xcassets"; sourceTree = "<group>"; };
		82D81B6929B291CF0057E511 /* TCAOverrideDependencySingleMethodTests.xctest */ = {isa = PBXFileReference; explicitFileType = wrapper.cfbundle; includeInIndex = 0; path = TCAOverrideDependencySingleMethodTests.xctest; sourceTree = BUILT_PRODUCTS_DIR; };
		82D81B6D29B291CF0057E511 /* TCAOverrideDependencySingleMethodTests.swift */ = {isa = PBXFileReference; lastKnownFileType = sourcecode.swift; path = TCAOverrideDependencySingleMethodTests.swift; sourceTree = "<group>"; };
		82D81B7329B291CF0057E511 /* TCAOverrideDependencySingleMethodUITests.xctest */ = {isa = PBXFileReference; explicitFileType = wrapper.cfbundle; includeInIndex = 0; path = TCAOverrideDependencySingleMethodUITests.xctest; sourceTree = BUILT_PRODUCTS_DIR; };
		82D81B7729B291CF0057E511 /* TCAOverrideDependencySingleMethodUITests.swift */ = {isa = PBXFileReference; lastKnownFileType = sourcecode.swift; path = TCAOverrideDependencySingleMethodUITests.swift; sourceTree = "<group>"; };
		82D81B7929B291CF0057E511 /* TCAOverrideDependencySingleMethodUITestsLaunchTests.swift */ = {isa = PBXFileReference; lastKnownFileType = sourcecode.swift; path = TCAOverrideDependencySingleMethodUITestsLaunchTests.swift; sourceTree = "<group>"; };
/* End PBXFileReference section */

/* Begin PBXFrameworksBuildPhase section */
		82D81B5629B291CD0057E511 /* Frameworks */ = {
			isa = PBXFrameworksBuildPhase;
			buildActionMask = 2147483647;
			files = (
			);
			runOnlyForDeploymentPostprocessing = 0;
		};
		82D81B6629B291CF0057E511 /* Frameworks */ = {
			isa = PBXFrameworksBuildPhase;
			buildActionMask = 2147483647;
			files = (
			);
			runOnlyForDeploymentPostprocessing = 0;
		};
		82D81B7029B291CF0057E511 /* Frameworks */ = {
			isa = PBXFrameworksBuildPhase;
			buildActionMask = 2147483647;
			files = (
			);
			runOnlyForDeploymentPostprocessing = 0;
		};
/* End PBXFrameworksBuildPhase section */

/* Begin PBXGroup section */
		82D81B5029B291CD0057E511 = {
			isa = PBXGroup;
			children = (
				82D81B5B29B291CD0057E511 /* TCAOverrideDependencySingleMethod */,
				82D81B6C29B291CF0057E511 /* TCAOverrideDependencySingleMethodTests */,
				82D81B7629B291CF0057E511 /* TCAOverrideDependencySingleMethodUITests */,
				82D81B5A29B291CD0057E511 /* Products */,
			);
			sourceTree = "<group>";
		};
		82D81B5A29B291CD0057E511 /* Products */ = {
			isa = PBXGroup;
			children = (
				82D81B5929B291CD0057E511 /* TCAOverrideDependencySingleMethod.app */,
				82D81B6929B291CF0057E511 /* TCAOverrideDependencySingleMethodTests.xctest */,
				82D81B7329B291CF0057E511 /* TCAOverrideDependencySingleMethodUITests.xctest */,
			);
			name = Products;
			sourceTree = "<group>";
		};
		82D81B5B29B291CD0057E511 /* TCAOverrideDependencySingleMethod */ = {
			isa = PBXGroup;
			children = (
				82D81B5C29B291CD0057E511 /* TCAOverrideDependencySingleMethodApp.swift */,
				82D81B5E29B291CD0057E511 /* ContentView.swift */,
				82D81B6029B291CF0057E511 /* Assets.xcassets */,
				82D81B6229B291CF0057E511 /* Preview Content */,
			);
			path = TCAOverrideDependencySingleMethod;
			sourceTree = "<group>";
		};
		82D81B6229B291CF0057E511 /* Preview Content */ = {
			isa = PBXGroup;
			children = (
				82D81B6329B291CF0057E511 /* Preview Assets.xcassets */,
			);
			path = "Preview Content";
			sourceTree = "<group>";
		};
		82D81B6C29B291CF0057E511 /* TCAOverrideDependencySingleMethodTests */ = {
			isa = PBXGroup;
			children = (
				82D81B6D29B291CF0057E511 /* TCAOverrideDependencySingleMethodTests.swift */,
			);
			path = TCAOverrideDependencySingleMethodTests;
			sourceTree = "<group>";
		};
		82D81B7629B291CF0057E511 /* TCAOverrideDependencySingleMethodUITests */ = {
			isa = PBXGroup;
			children = (
				82D81B7729B291CF0057E511 /* TCAOverrideDependencySingleMethodUITests.swift */,
				82D81B7929B291CF0057E511 /* TCAOverrideDependencySingleMethodUITestsLaunchTests.swift */,
			);
			path = TCAOverrideDependencySingleMethodUITests;
			sourceTree = "<group>";
		};
/* End PBXGroup section */

/* Begin PBXNativeTarget section */
		82D81B5829B291CD0057E511 /* TCAOverrideDependencySingleMethod */ = {
			isa = PBXNativeTarget;
			buildConfigurationList = 82D81B7D29B291CF0057E511 /* Build configuration list for PBXNativeTarget "TCAOverrideDependencySingleMethod" */;
			buildPhases = (
				82D81B5529B291CD0057E511 /* Sources */,
				82D81B5629B291CD0057E511 /* Frameworks */,
				82D81B5729B291CD0057E511 /* Resources */,
			);
			buildRules = (
			);
			dependencies = (
			);
			name = TCAOverrideDependencySingleMethod;
			productName = TCAOverrideDependencySingleMethod;
			productReference = 82D81B5929B291CD0057E511 /* TCAOverrideDependencySingleMethod.app */;
			productType = "com.apple.product-type.application";
		};
		82D81B6829B291CF0057E511 /* TCAOverrideDependencySingleMethodTests */ = {
			isa = PBXNativeTarget;
			buildConfigurationList = 82D81B8029B291CF0057E511 /* Build configuration list for PBXNativeTarget "TCAOverrideDependencySingleMethodTests" */;
			buildPhases = (
				82D81B6529B291CF0057E511 /* Sources */,
				82D81B6629B291CF0057E511 /* Frameworks */,
				82D81B6729B291CF0057E511 /* Resources */,
			);
			buildRules = (
			);
			dependencies = (
				82D81B6B29B291CF0057E511 /* PBXTargetDependency */,
			);
			name = TCAOverrideDependencySingleMethodTests;
			productName = TCAOverrideDependencySingleMethodTests;
			productReference = 82D81B6929B291CF0057E511 /* TCAOverrideDependencySingleMethodTests.xctest */;
			productType = "com.apple.product-type.bundle.unit-test";
		};
		82D81B7229B291CF0057E511 /* TCAOverrideDependencySingleMethodUITests */ = {
			isa = PBXNativeTarget;
			buildConfigurationList = 82D81B8329B291CF0057E511 /* Build configuration list for PBXNativeTarget "TCAOverrideDependencySingleMethodUITests" */;
			buildPhases = (
				82D81B6F29B291CF0057E511 /* Sources */,
				82D81B7029B291CF0057E511 /* Frameworks */,
				82D81B7129B291CF0057E511 /* Resources */,
			);
			buildRules = (
			);
			dependencies = (
				82D81B7529B291CF0057E511 /* PBXTargetDependency */,
			);
			name = TCAOverrideDependencySingleMethodUITests;
			productName = TCAOverrideDependencySingleMethodUITests;
			productReference = 82D81B7329B291CF0057E511 /* TCAOverrideDependencySingleMethodUITests.xctest */;
			productType = "com.apple.product-type.bundle.ui-testing";
		};
/* End PBXNativeTarget section */

/* Begin PBXProject section */
		82D81B5129B291CD0057E511 /* Project object */ = {
			isa = PBXProject;
			attributes = {
				BuildIndependentTargetsInParallel = 1;
				LastSwiftUpdateCheck = 1420;
				LastUpgradeCheck = 1420;
				TargetAttributes = {
					82D81B5829B291CD0057E511 = {
						CreatedOnToolsVersion = 14.2;
					};
					82D81B6829B291CF0057E511 = {
						CreatedOnToolsVersion = 14.2;
						TestTargetID = 82D81B5829B291CD0057E511;
					};
					82D81B7229B291CF0057E511 = {
						CreatedOnToolsVersion = 14.2;
						TestTargetID = 82D81B5829B291CD0057E511;
					};
				};
			};
			buildConfigurationList = 82D81B5429B291CD0057E511 /* Build configuration list for PBXProject "TCAOverrideDependencySingleMethod" */;
			compatibilityVersion = "Xcode 14.0";
			developmentRegion = en;
			hasScannedForEncodings = 0;
			knownRegions = (
				en,
				Base,
			);
			mainGroup = 82D81B5029B291CD0057E511;
			productRefGroup = 82D81B5A29B291CD0057E511 /* Products */;
			projectDirPath = "";
			projectRoot = "";
			targets = (
				82D81B5829B291CD0057E511 /* TCAOverrideDependencySingleMethod */,
				82D81B6829B291CF0057E511 /* TCAOverrideDependencySingleMethodTests */,
				82D81B7229B291CF0057E511 /* TCAOverrideDependencySingleMethodUITests */,
			);
		};
/* End PBXProject section */

/* Begin PBXResourcesBuildPhase section */
		82D81B5729B291CD0057E511 /* Resources */ = {
			isa = PBXResourcesBuildPhase;
			buildActionMask = 2147483647;
			files = (
				82D81B6429B291CF0057E511 /* Preview Assets.xcassets in Resources */,
				82D81B6129B291CF0057E511 /* Assets.xcassets in Resources */,
			);
			runOnlyForDeploymentPostprocessing = 0;
		};
		82D81B6729B291CF0057E511 /* Resources */ = {
			isa = PBXResourcesBuildPhase;
			buildActionMask = 2147483647;
			files = (
			);
			runOnlyForDeploymentPostprocessing = 0;
		};
		82D81B7129B291CF0057E511 /* Resources */ = {
			isa = PBXResourcesBuildPhase;
			buildActionMask = 2147483647;
			files = (
			);
			runOnlyForDeploymentPostprocessing = 0;
		};
/* End PBXResourcesBuildPhase section */

/* Begin PBXSourcesBuildPhase section */
		82D81B5529B291CD0057E511 /* Sources */ = {
			isa = PBXSourcesBuildPhase;
			buildActionMask = 2147483647;
			files = (
				82D81B5F29B291CD0057E511 /* ContentView.swift in Sources */,
				82D81B5D29B291CD0057E511 /* TCAOverrideDependencySingleMethodApp.swift in Sources */,
			);
			runOnlyForDeploymentPostprocessing = 0;
		};
		82D81B6529B291CF0057E511 /* Sources */ = {
			isa = PBXSourcesBuildPhase;
			buildActionMask = 2147483647;
			files = (
				82D81B6E29B291CF0057E511 /* TCAOverrideDependencySingleMethodTests.swift in Sources */,
			);
			runOnlyForDeploymentPostprocessing = 0;
		};
		82D81B6F29B291CF0057E511 /* Sources */ = {
			isa = PBXSourcesBuildPhase;
			buildActionMask = 2147483647;
			files = (
				82D81B7829B291CF0057E511 /* TCAOverrideDependencySingleMethodUITests.swift in Sources */,
				82D81B7A29B291CF0057E511 /* TCAOverrideDependencySingleMethodUITestsLaunchTests.swift in Sources */,
			);
			runOnlyForDeploymentPostprocessing = 0;
		};
/* End PBXSourcesBuildPhase section */

/* Begin PBXTargetDependency section */
		82D81B6B29B291CF0057E511 /* PBXTargetDependency */ = {
			isa = PBXTargetDependency;
			target = 82D81B5829B291CD0057E511 /* TCAOverrideDependencySingleMethod */;
			targetProxy = 82D81B6A29B291CF0057E511 /* PBXContainerItemProxy */;
		};
		82D81B7529B291CF0057E511 /* PBXTargetDependency */ = {
			isa = PBXTargetDependency;
			target = 82D81B5829B291CD0057E511 /* TCAOverrideDependencySingleMethod */;
			targetProxy = 82D81B7429B291CF0057E511 /* PBXContainerItemProxy */;
		};
/* End PBXTargetDependency section */

/* Begin XCBuildConfiguration section */
		82D81B7B29B291CF0057E511 /* Debug */ = {
			isa = XCBuildConfiguration;
			buildSettings = {
				ALWAYS_SEARCH_USER_PATHS = NO;
				CLANG_ANALYZER_NONNULL = YES;
				CLANG_ANALYZER_NUMBER_OBJECT_CONVERSION = YES_AGGRESSIVE;
				CLANG_CXX_LANGUAGE_STANDARD = "gnu++20";
				CLANG_ENABLE_MODULES = YES;
				CLANG_ENABLE_OBJC_ARC = YES;
				CLANG_ENABLE_OBJC_WEAK = YES;
				CLANG_WARN_BLOCK_CAPTURE_AUTORELEASING = YES;
				CLANG_WARN_BOOL_CONVERSION = YES;
				CLANG_WARN_COMMA = YES;
				CLANG_WARN_CONSTANT_CONVERSION = YES;
				CLANG_WARN_DEPRECATED_OBJC_IMPLEMENTATIONS = YES;
				CLANG_WARN_DIRECT_OBJC_ISA_USAGE = YES_ERROR;
				CLANG_WARN_DOCUMENTATION_COMMENTS = YES;
				CLANG_WARN_EMPTY_BODY = YES;
				CLANG_WARN_ENUM_CONVERSION = YES;
				CLANG_WARN_INFINITE_RECURSION = YES;
				CLANG_WARN_INT_CONVERSION = YES;
				CLANG_WARN_NON_LITERAL_NULL_CONVERSION = YES;
				CLANG_WARN_OBJC_IMPLICIT_RETAIN_SELF = YES;
				CLANG_WARN_OBJC_LITERAL_CONVERSION = YES;
				CLANG_WARN_OBJC_ROOT_CLASS = YES_ERROR;
				CLANG_WARN_QUOTED_INCLUDE_IN_FRAMEWORK_HEADER = YES;
				CLANG_WARN_RANGE_LOOP_ANALYSIS = YES;
				CLANG_WARN_STRICT_PROTOTYPES = YES;
				CLANG_WARN_SUSPICIOUS_MOVE = YES;
				CLANG_WARN_UNGUARDED_AVAILABILITY = YES_AGGRESSIVE;
				CLANG_WARN_UNREACHABLE_CODE = YES;
				CLANG_WARN__DUPLICATE_METHOD_MATCH = YES;
				COPY_PHASE_STRIP = NO;
				DEBUG_INFORMATION_FORMAT = dwarf;
				ENABLE_STRICT_OBJC_MSGSEND = YES;
				ENABLE_TESTABILITY = YES;
				GCC_C_LANGUAGE_STANDARD = gnu11;
				GCC_DYNAMIC_NO_PIC = NO;
				GCC_NO_COMMON_BLOCKS = YES;
				GCC_OPTIMIZATION_LEVEL = 0;
				GCC_PREPROCESSOR_DEFINITIONS = (
					"DEBUG=1",
					"$(inherited)",
				);
				GCC_WARN_64_TO_32_BIT_CONVERSION = YES;
				GCC_WARN_ABOUT_RETURN_TYPE = YES_ERROR;
				GCC_WARN_UNDECLARED_SELECTOR = YES;
				GCC_WARN_UNINITIALIZED_AUTOS = YES_AGGRESSIVE;
				GCC_WARN_UNUSED_FUNCTION = YES;
				GCC_WARN_UNUSED_VARIABLE = YES;
				IPHONEOS_DEPLOYMENT_TARGET = 16.2;
				MTL_ENABLE_DEBUG_INFO = INCLUDE_SOURCE;
				MTL_FAST_MATH = YES;
				ONLY_ACTIVE_ARCH = YES;
				SDKROOT = iphoneos;
				SWIFT_ACTIVE_COMPILATION_CONDITIONS = DEBUG;
				SWIFT_OPTIMIZATION_LEVEL = "-Onone";
			};
			name = Debug;
		};
		82D81B7C29B291CF0057E511 /* Release */ = {
			isa = XCBuildConfiguration;
			buildSettings = {
				ALWAYS_SEARCH_USER_PATHS = NO;
				CLANG_ANALYZER_NONNULL = YES;
				CLANG_ANALYZER_NUMBER_OBJECT_CONVERSION = YES_AGGRESSIVE;
				CLANG_CXX_LANGUAGE_STANDARD = "gnu++20";
				CLANG_ENABLE_MODULES = YES;
				CLANG_ENABLE_OBJC_ARC = YES;
				CLANG_ENABLE_OBJC_WEAK = YES;
				CLANG_WARN_BLOCK_CAPTURE_AUTORELEASING = YES;
				CLANG_WARN_BOOL_CONVERSION = YES;
				CLANG_WARN_COMMA = YES;
				CLANG_WARN_CONSTANT_CONVERSION = YES;
				CLANG_WARN_DEPRECATED_OBJC_IMPLEMENTATIONS = YES;
				CLANG_WARN_DIRECT_OBJC_ISA_USAGE = YES_ERROR;
				CLANG_WARN_DOCUMENTATION_COMMENTS = YES;
				CLANG_WARN_EMPTY_BODY = YES;
				CLANG_WARN_ENUM_CONVERSION = YES;
				CLANG_WARN_INFINITE_RECURSION = YES;
				CLANG_WARN_INT_CONVERSION = YES;
				CLANG_WARN_NON_LITERAL_NULL_CONVERSION = YES;
				CLANG_WARN_OBJC_IMPLICIT_RETAIN_SELF = YES;
				CLANG_WARN_OBJC_LITERAL_CONVERSION = YES;
				CLANG_WARN_OBJC_ROOT_CLASS = YES_ERROR;
				CLANG_WARN_QUOTED_INCLUDE_IN_FRAMEWORK_HEADER = YES;
				CLANG_WARN_RANGE_LOOP_ANALYSIS = YES;
				CLANG_WARN_STRICT_PROTOTYPES = YES;
				CLANG_WARN_SUSPICIOUS_MOVE = YES;
				CLANG_WARN_UNGUARDED_AVAILABILITY = YES_AGGRESSIVE;
				CLANG_WARN_UNREACHABLE_CODE = YES;
				CLANG_WARN__DUPLICATE_METHOD_MATCH = YES;
				COPY_PHASE_STRIP = NO;
				DEBUG_INFORMATION_FORMAT = "dwarf-with-dsym";
				ENABLE_NS_ASSERTIONS = NO;
				ENABLE_STRICT_OBJC_MSGSEND = YES;
				GCC_C_LANGUAGE_STANDARD = gnu11;
				GCC_NO_COMMON_BLOCKS = YES;
				GCC_WARN_64_TO_32_BIT_CONVERSION = YES;
				GCC_WARN_ABOUT_RETURN_TYPE = YES_ERROR;
				GCC_WARN_UNDECLARED_SELECTOR = YES;
				GCC_WARN_UNINITIALIZED_AUTOS = YES_AGGRESSIVE;
				GCC_WARN_UNUSED_FUNCTION = YES;
				GCC_WARN_UNUSED_VARIABLE = YES;
				IPHONEOS_DEPLOYMENT_TARGET = 16.2;
				MTL_ENABLE_DEBUG_INFO = NO;
				MTL_FAST_MATH = YES;
				SDKROOT = iphoneos;
				SWIFT_COMPILATION_MODE = wholemodule;
				SWIFT_OPTIMIZATION_LEVEL = "-O";
				VALIDATE_PRODUCT = YES;
			};
			name = Release;
		};
		82D81B7E29B291CF0057E511 /* Debug */ = {
			isa = XCBuildConfiguration;
			buildSettings = {
				ASSETCATALOG_COMPILER_APPICON_NAME = AppIcon;
				ASSETCATALOG_COMPILER_GLOBAL_ACCENT_COLOR_NAME = AccentColor;
				CODE_SIGN_STYLE = Automatic;
				CURRENT_PROJECT_VERSION = 1;
				DEVELOPMENT_ASSET_PATHS = "\"TCAOverrideDependencySingleMethod/Preview Content\"";
				DEVELOPMENT_TEAM = WZ8GG366SX;
				ENABLE_PREVIEWS = YES;
				GENERATE_INFOPLIST_FILE = YES;
				INFOPLIST_KEY_UIApplicationSceneManifest_Generation = YES;
				INFOPLIST_KEY_UIApplicationSupportsIndirectInputEvents = YES;
				INFOPLIST_KEY_UILaunchScreen_Generation = YES;
				INFOPLIST_KEY_UISupportedInterfaceOrientations_iPad = "UIInterfaceOrientationPortrait UIInterfaceOrientationPortraitUpsideDown UIInterfaceOrientationLandscapeLeft UIInterfaceOrientationLandscapeRight";
				INFOPLIST_KEY_UISupportedInterfaceOrientations_iPhone = "UIInterfaceOrientationPortrait UIInterfaceOrientationLandscapeLeft UIInterfaceOrientationLandscapeRight";
				LD_RUNPATH_SEARCH_PATHS = (
					"$(inherited)",
					"@executable_path/Frameworks",
				);
				MARKETING_VERSION = 1.0;
				PRODUCT_BUNDLE_IDENTIFIER = bz.oron.TCAOverrideDependencySingleMethod;
				PRODUCT_NAME = "$(TARGET_NAME)";
				SWIFT_EMIT_LOC_STRINGS = YES;
				SWIFT_VERSION = 5.0;
				TARGETED_DEVICE_FAMILY = "1,2";
			};
			name = Debug;
		};
		82D81B7F29B291CF0057E511 /* Release */ = {
			isa = XCBuildConfiguration;
			buildSettings = {
				ASSETCATALOG_COMPILER_APPICON_NAME = AppIcon;
				ASSETCATALOG_COMPILER_GLOBAL_ACCENT_COLOR_NAME = AccentColor;
				CODE_SIGN_STYLE = Automatic;
				CURRENT_PROJECT_VERSION = 1;
				DEVELOPMENT_ASSET_PATHS = "\"TCAOverrideDependencySingleMethod/Preview Content\"";
				DEVELOPMENT_TEAM = WZ8GG366SX;
				ENABLE_PREVIEWS = YES;
				GENERATE_INFOPLIST_FILE = YES;
				INFOPLIST_KEY_UIApplicationSceneManifest_Generation = YES;
				INFOPLIST_KEY_UIApplicationSupportsIndirectInputEvents = YES;
				INFOPLIST_KEY_UILaunchScreen_Generation = YES;
				INFOPLIST_KEY_UISupportedInterfaceOrientations_iPad = "UIInterfaceOrientationPortrait UIInterfaceOrientationPortraitUpsideDown UIInterfaceOrientationLandscapeLeft UIInterfaceOrientationLandscapeRight";
				INFOPLIST_KEY_UISupportedInterfaceOrientations_iPhone = "UIInterfaceOrientationPortrait UIInterfaceOrientationLandscapeLeft UIInterfaceOrientationLandscapeRight";
				LD_RUNPATH_SEARCH_PATHS = (
					"$(inherited)",
					"@executable_path/Frameworks",
				);
				MARKETING_VERSION = 1.0;
				PRODUCT_BUNDLE_IDENTIFIER = bz.oron.TCAOverrideDependencySingleMethod;
				PRODUCT_NAME = "$(TARGET_NAME)";
				SWIFT_EMIT_LOC_STRINGS = YES;
				SWIFT_VERSION = 5.0;
				TARGETED_DEVICE_FAMILY = "1,2";
			};
			name = Release;
		};
		82D81B8129B291CF0057E511 /* Debug */ = {
			isa = XCBuildConfiguration;
			buildSettings = {
				ALWAYS_EMBED_SWIFT_STANDARD_LIBRARIES = YES;
				BUNDLE_LOADER = "$(TEST_HOST)";
				CODE_SIGN_STYLE = Automatic;
				CURRENT_PROJECT_VERSION = 1;
				DEVELOPMENT_TEAM = WZ8GG366SX;
				GENERATE_INFOPLIST_FILE = YES;
				IPHONEOS_DEPLOYMENT_TARGET = 16.2;
				MARKETING_VERSION = 1.0;
				PRODUCT_BUNDLE_IDENTIFIER = bz.oron.TCAOverrideDependencySingleMethodTests;
				PRODUCT_NAME = "$(TARGET_NAME)";
				SWIFT_EMIT_LOC_STRINGS = NO;
				SWIFT_VERSION = 5.0;
				TARGETED_DEVICE_FAMILY = "1,2";
				TEST_HOST = "$(BUILT_PRODUCTS_DIR)/TCAOverrideDependencySingleMethod.app/$(BUNDLE_EXECUTABLE_FOLDER_PATH)/TCAOverrideDependencySingleMethod";
			};
			name = Debug;
		};
		82D81B8229B291CF0057E511 /* Release */ = {
			isa = XCBuildConfiguration;
			buildSettings = {
				ALWAYS_EMBED_SWIFT_STANDARD_LIBRARIES = YES;
				BUNDLE_LOADER = "$(TEST_HOST)";
				CODE_SIGN_STYLE = Automatic;
				CURRENT_PROJECT_VERSION = 1;
				DEVELOPMENT_TEAM = WZ8GG366SX;
				GENERATE_INFOPLIST_FILE = YES;
				IPHONEOS_DEPLOYMENT_TARGET = 16.2;
				MARKETING_VERSION = 1.0;
				PRODUCT_BUNDLE_IDENTIFIER = bz.oron.TCAOverrideDependencySingleMethodTests;
				PRODUCT_NAME = "$(TARGET_NAME)";
				SWIFT_EMIT_LOC_STRINGS = NO;
				SWIFT_VERSION = 5.0;
				TARGETED_DEVICE_FAMILY = "1,2";
				TEST_HOST = "$(BUILT_PRODUCTS_DIR)/TCAOverrideDependencySingleMethod.app/$(BUNDLE_EXECUTABLE_FOLDER_PATH)/TCAOverrideDependencySingleMethod";
			};
			name = Release;
		};
		82D81B8429B291CF0057E511 /* Debug */ = {
			isa = XCBuildConfiguration;
			buildSettings = {
				ALWAYS_EMBED_SWIFT_STANDARD_LIBRARIES = YES;
				CODE_SIGN_STYLE = Automatic;
				CURRENT_PROJECT_VERSION = 1;
				DEVELOPMENT_TEAM = WZ8GG366SX;
				GENERATE_INFOPLIST_FILE = YES;
				MARKETING_VERSION = 1.0;
				PRODUCT_BUNDLE_IDENTIFIER = bz.oron.TCAOverrideDependencySingleMethodUITests;
				PRODUCT_NAME = "$(TARGET_NAME)";
				SWIFT_EMIT_LOC_STRINGS = NO;
				SWIFT_VERSION = 5.0;
				TARGETED_DEVICE_FAMILY = "1,2";
				TEST_TARGET_NAME = TCAOverrideDependencySingleMethod;
			};
			name = Debug;
		};
		82D81B8529B291CF0057E511 /* Release */ = {
			isa = XCBuildConfiguration;
			buildSettings = {
				ALWAYS_EMBED_SWIFT_STANDARD_LIBRARIES = YES;
				CODE_SIGN_STYLE = Automatic;
				CURRENT_PROJECT_VERSION = 1;
				DEVELOPMENT_TEAM = WZ8GG366SX;
				GENERATE_INFOPLIST_FILE = YES;
				MARKETING_VERSION = 1.0;
				PRODUCT_BUNDLE_IDENTIFIER = bz.oron.TCAOverrideDependencySingleMethodUITests;
				PRODUCT_NAME = "$(TARGET_NAME)";
				SWIFT_EMIT_LOC_STRINGS = NO;
				SWIFT_VERSION = 5.0;
				TARGETED_DEVICE_FAMILY = "1,2";
				TEST_TARGET_NAME = TCAOverrideDependencySingleMethod;
			};
			name = Release;
		};
/* End XCBuildConfiguration section */

/* Begin XCConfigurationList section */
		82D81B5429B291CD0057E511 /* Build configuration list for PBXProject "TCAOverrideDependencySingleMethod" */ = {
			isa = XCConfigurationList;
			buildConfigurations = (
				82D81B7B29B291CF0057E511 /* Debug */,
				82D81B7C29B291CF0057E511 /* Release */,
			);
			defaultConfigurationIsVisible = 0;
			defaultConfigurationName = Release;
		};
		82D81B7D29B291CF0057E511 /* Build configuration list for PBXNativeTarget "TCAOverrideDependencySingleMethod" */ = {
			isa = XCConfigurationList;
			buildConfigurations = (
				82D81B7E29B291CF0057E511 /* Debug */,
				82D81B7F29B291CF0057E511 /* Release */,
			);
			defaultConfigurationIsVisible = 0;
			defaultConfigurationName = Release;
		};
		82D81B8029B291CF0057E511 /* Build configuration list for PBXNativeTarget "TCAOverrideDependencySingleMethodTests" */ = {
			isa = XCConfigurationList;
			buildConfigurations = (
				82D81B8129B291CF0057E511 /* Debug */,
				82D81B8229B291CF0057E511 /* Release */,
			);
			defaultConfigurationIsVisible = 0;
			defaultConfigurationName = Release;
		};
		82D81B8329B291CF0057E511 /* Build configuration list for PBXNativeTarget "TCAOverrideDependencySingleMethodUITests" */ = {
			isa = XCConfigurationList;
			buildConfigurations = (
				82D81B8429B291CF0057E511 /* Debug */,
				82D81B8529B291CF0057E511 /* Release */,
			);
			defaultConfigurationIsVisible = 0;
			defaultConfigurationName = Release;
		};
/* End XCConfigurationList section */
	};
	rootObject = 82D81B5129B291CD0057E511 /* Project object */;
}
